
Microsoft Visual Studio Solution File, Format Version 12.00
# Visual Studio Version 16
VisualStudioVersion = 16.0.31829.152
MinimumVisualStudioVersion = 10.0.40219.1
Project("{9A19103F-16F7-4668-BE54-9A1E7A4F7556}") = "CraftablePaintings", "CraftablePaintings.csproj", "{792A68A4-46DA-4D38-816C-BF1575D40B8F}"
EndProject
Global
	GlobalSection(SolutionConfigurationPlatforms) = preSolution
		Debug|Any CPU = Debug|Any CPU
		Release|Any CPU = Release|Any CPU
	EndGlobalSection
	GlobalSection(ProjectConfigurationPlatforms) = postSolution
		{792A68A4-46DA-4D38-816C-BF1575D40B8F}.Debug|Any CPU.ActiveCfg = Debug|Any CPU
		{792A68A4-46DA-4D38-816C-BF1575D40B8F}.Debug|Any CPU.Build.0 = Debug|Any CPU
		{792A68A4-46DA-4D38-816C-BF1575D40B8F}.Release|Any CPU.ActiveCfg = Release|Any CPU
		{792A68A4-46DA-4D38-816C-BF1575D40B8F}.Release|Any CPU.Build.0 = Release|Any CPU
	EndGlobalSection
	GlobalSection(SolutionProperties) = preSolution
		HideSolutionNode = FALSE
	EndGlobalSection
	GlobalSection(ExtensibilityGlobals) = postSolution
		SolutionGuid = {4CC87B7A-1A14-48A0-B94E-B931F4DF987A}
	EndGlobalSection
EndGlobal
